{
  "name": "openapisample",
  "version": "1.0.0",
  "lockfileVersion": 1,
  "requires": true,
  "dependencies": {
    "autorest": {
      "version": "3.0.6247",
      "resolved": "https://registry.npmjs.org/autorest/-/autorest-3.0.6247.tgz",
      "integrity": "sha512-9PwyLgdnWnbd/OBknN1eEfnsi7lHi49gKjeEhp88wjzLTq30+AtyTaJhbQPTR3aWa0f15V/uux7d+q48mJvl4w==",
      "dev": true
    }
  }
}
